# This file is autogenerated, do not edit; changes may be undone by the next 'dep ensure'.


[[projects]]
  branch = "master"
  name = "github.com/teamwork/test"
  packages = ["."]
  revision = "109d4a7e538bd68fe61aadbeac95ef36d59a72b1"

[solve-meta]
  analyzer-name = "dep"
  analyzer-version = 1
  inputs-digest = "b4370876b56b7cdf44713af604cfc0f06e5e15e38e6c06a43fd9921f820fa3ae"
  solver-name = "gps-cdcl"
  solver-version = 1
