# This file is autogenerated, do not edit; changes may be undone by the next 'dep ensure'.


[[projects]]
  name = "github.com/davecgh/go-spew"
  packages = ["spew"]
  revision = "346938d642f2ec3594ed81d874461961cd0faa76"
  version = "v1.1.0"

[[projects]]
  name = "github.com/pkg/errors"
  packages = ["."]
  revision = "645ef00459ed84a119197bfb8d8205042c6df63d"
  version = "v0.8.0"

[[projects]]
  name = "github.com/pmezard/go-difflib"
  packages = ["difflib"]
  revision = "792786c7400a136282c1664665ae0a8db921c6c2"
  version = "v1.0.0"

[[projects]]
  branch = "master"
  name = "github.com/teamwork/test"
  packages = [".","diff","fakeconn"]
  revision = "559f1f9ef83a9d1858c16909fabb14abb61154a9"

[[projects]]
  branch = "master"
  name = "github.com/teamwork/utils"
  packages = ["mathutil"]
  revision = "cb6abdaad548c37166283f60e501823b6427eaf7"

[solve-meta]
  analyzer-name = "dep"
  analyzer-version = 1
  inputs-digest = "98c5b3796c07ce2c60082812bf0bce90b43b35a9cec4382cd68d4da43e848f7c"
  solver-name = "gps-cdcl"
  solver-version = 1
