# This file is autogenerated, do not edit; changes may be undone by the next 'dep ensure'.


[[projects]]
  branch = "master"
  name = "github.com/teamwork/test"
  packages = [".","fakeconn"]
  revision = "559f1f9ef83a9d1858c16909fabb14abb61154a9"

[solve-meta]
  analyzer-name = "dep"
  analyzer-version = 1
  inputs-digest = "faa0b9768e52de02e9e3962d4b3031f81cfb5264e6e6643c6edf74e312d207b2"
  solver-name = "gps-cdcl"
  solver-version = 1
